<?xml version="1.0" encoding="utf-8"?>
<Project ToolsVersion="4.0" xmlns="http://schemas.microsoft.com/developer/msbuild/2003">
  <ItemGroup>
    <Filter Include="소스 파일">
      <UniqueIdentifier>{4FC737F1-C7A5-4376-A066-2A32D752A2FF}</UniqueIdentifier>
      <Extensions>cpp;c;cc;cxx;c++;cppm;ixx;def;odl;idl;hpj;bat;asm;asmx</Extensions>
    </Filter>
    <Filter Include="헤더 파일">
      <UniqueIdentifier>{93995380-89BD-4b04-88EB-625FBE52EBFB}</UniqueIdentifier>
      <Extensions>h;hh;hpp;hxx;h++;hm;inl;inc;ipp;xsd</Extensions>
    </Filter>
    <Filter Include="리소스 파일">
      <UniqueIdentifier>{67DA6AB6-F800-4c08-8B7A-83BB121AAD01}</UniqueIdentifier>
      <Extensions>rc;ico;cur;bmp;dlg;rc2;rct;bin;rgs;gif;jpg;jpeg;jpe;resx;tiff;tif;png;wav;mfcribbon-ms;obj;mtl</Extensions>
    </Filter>
    <Filter Include="Shaders">
      <UniqueIdentifier>{ef9aaf2c-1eba-4d9d-a46f-4a4443ae0ffb}</UniqueIdentifier>
      <Extensions>vert;frag</Extensions>
    </Filter>
  </ItemGroup>
  <ItemGroup>
    <None Include="..\README.md" />
    <None Include="shaders\staticObj.frag">
      <Filter>Shaders</Filter>
    </None>
    <None Include="shaders\staticObj.vert">
      <Filter>Shaders</Filter>
    </None>
    <None Include="shaders\skyBox.frag">
      <Filter>Shaders</Filter>
    </None>
    <None Include="shaders\skyBox.vert">
      <Filter>Shaders</Filter>
    </None>
    <None Include="shaders\sun.frag">
      <Filter>Shaders</Filter>
    </None>
    <None Include="shaders\sun.vert">
      <Filter>Shaders</Filter>
    </None>
  </ItemGroup>
  <ItemGroup>
    <ClCompile Include="source\main.cc">
      <Filter>소스 파일</Filter>
    </ClCompile>
    <ClCompile Include="source\readObjFile.cc">
      <Filter>소스 파일</Filter>
    </ClCompile>
    <ClCompile Include="source\tiny_obj_loader.cc">
      <Filter>소스 파일</Filter>
    </ClCompile>
    <ClCompile Include="source\loadProgram.cc">
      <Filter>소스 파일</Filter>
    </ClCompile>
    <ClCompile Include="source\environment.cc">
      <Filter>소스 파일</Filter>
    </ClCompile>
    <ClCompile Include="source\stb_image.c">
      <Filter>소스 파일</Filter>
    </ClCompile>
    <ClCompile Include="source\shaderParams.cc">
      <Filter>소스 파일</Filter>
    </ClCompile>
    <ClCompile Include="source\camera.cc">
      <Filter>소스 파일</Filter>
    </ClCompile>
    <ClCompile Include="source\inputRecorder.cc">
      <Filter>소스 파일</Filter>
    </ClCompile>
    <ClCompile Include="source\transmit.cc">
      <Filter>소스 파일</Filter>
    </ClCompile>
    <ClCompile Include="source\atmParams.cc">
      <Filter>소스 파일</Filter>
    </ClCompile>
    <ClCompile Include="source\time.cc">
      <Filter>소스 파일</Filter>
    </ClCompile>
    <ClCompile Include="source\Sun.cc">
      <Filter>소스 파일</Filter>
    </ClCompile>
  </ItemGroup>
  <ItemGroup>
    <ClInclude Include="include\readObjFile.hpp">
      <Filter>헤더 파일</Filter>
    </ClInclude>
    <ClInclude Include="include\loadProgram.hpp">
      <Filter>헤더 파일</Filter>
    </ClInclude>
    <ClInclude Include="include\environment.hpp">
      <Filter>헤더 파일</Filter>
    </ClInclude>
    <ClInclude Include="include\shaderParams.hpp">
      <Filter>헤더 파일</Filter>
    </ClInclude>
    <ClInclude Include="include\stb_image.h">
      <Filter>헤더 파일</Filter>
    </ClInclude>
    <ClInclude Include="include\tiny_obj_loader.hpp">
      <Filter>헤더 파일</Filter>
    </ClInclude>
    <ClInclude Include="include\camera.hpp">
      <Filter>헤더 파일</Filter>
    </ClInclude>
    <ClInclude Include="include\globalParams.hpp">
      <Filter>헤더 파일</Filter>
    </ClInclude>
    <ClInclude Include="include\inputRecorder.hpp">
      <Filter>헤더 파일</Filter>
    </ClInclude>
    <ClInclude Include="include\transmit.hpp">
      <Filter>헤더 파일</Filter>
    </ClInclude>
    <ClInclude Include="include\atmParams.hpp">
      <Filter>헤더 파일</Filter>
    </ClInclude>
    <ClInclude Include="include\time.hpp">
      <Filter>헤더 파일</Filter>
    </ClInclude>
    <ClInclude Include="include\Sun.hpp">
      <Filter>헤더 파일</Filter>
    </ClInclude>
  </ItemGroup>
</Project>